
Microsoft Visual Studio Solution File, Format Version 12.00
# Visual Studio Version 16
VisualStudioVersion = 16.0.30804.86
MinimumVisualStudioVersion = 10.0.40219.1
Project("{9A19103F-16F7-4668-BE54-9A1E7A4F7556}") = "Csharp", "Csharp\Csharp.csproj", "{B74DA25C-1147-4098-9987-5996BA69CA8A}"
EndProject
Project("{9A19103F-16F7-4668-BE54-9A1E7A4F7556}") = "自定义类实现Foreach", "自定义类实现Foreach\自定义类实现Foreach.csproj", "{19141CC1-DD07-4296-9A5F-286E7C83BC4A}"
EndProject
Project("{9A19103F-16F7-4668-BE54-9A1E7A4F7556}") = "IEnumator实现逻辑", "IEnumator实现逻辑\IEnumator实现逻辑.csproj", "{BD7FA9C8-B2A6-42F2-9D9E-C85F6E158A2A}"
EndProject
Project("{9A19103F-16F7-4668-BE54-9A1E7A4F7556}") = "Linq", "Linq\Linq.csproj", "{9F616B27-D5A5-414D-B417-DD440BC3CAC3}"
EndProject
Project("{9A19103F-16F7-4668-BE54-9A1E7A4F7556}") = "Dynamic", "Dynamic\Dynamic.csproj", "{EC512091-9806-41F9-B397-E844676ABED9}"
EndProject
Project("{9A19103F-16F7-4668-BE54-9A1E7A4F7556}") = "JToken类的使用", "JToken类的使用\JToken类的使用.csproj", "{C16BD7A8-33DD-434A-81E7-133F5486060D}"
EndProject
Project("{9A19103F-16F7-4668-BE54-9A1E7A4F7556}") = "DealJson", "DealJson\DealJson.csproj", "{16B37A5F-0147-4CED-A2F0-53152485D31A}"
EndProject
Project("{9A19103F-16F7-4668-BE54-9A1E7A4F7556}") = "测完即删", "测完即删\测完即删.csproj", "{C966972B-2278-4142-94E4-3C22373C287E}"
EndProject
Project("{9A19103F-16F7-4668-BE54-9A1E7A4F7556}") = "面向对象", "面向对象\面向对象.csproj", "{9B54FE39-28C6-4746-A8CD-CDE3E8A8CA7D}"
EndProject
Project("{9A19103F-16F7-4668-BE54-9A1E7A4F7556}") = "文件校验", "文件校验\文件校验.csproj", "{D9BB5544-6071-455B-99CF-5F708CD8DB55}"
EndProject
Project("{9A19103F-16F7-4668-BE54-9A1E7A4F7556}") = "文件加密解密", "文件加密解密\文件加密解密.csproj", "{FB115D98-3F88-4C08-B11F-8E488EDE7E1F}"
EndProject
Project("{9A19103F-16F7-4668-BE54-9A1E7A4F7556}") = "文件按字节写入", "文件按字节写入\文件按字节写入.csproj", "{09081AFA-C847-4DD7-905C-1E6870D7A9A5}"
EndProject
Project("{FAE04EC0-301F-11D3-BF4B-00C04F79EFBC}") = "DogManager", "DogManager\DogManager.csproj", "{6EAC5496-2366-49E8-A30C-91EABC655079}"
EndProject
Project("{9A19103F-16F7-4668-BE54-9A1E7A4F7556}") = "运算符重载", "运算符重载\运算符重载.csproj", "{16EFEA11-FFA6-45CF-9FAE-85C327035585}"
EndProject
Project("{9A19103F-16F7-4668-BE54-9A1E7A4F7556}") = "连接数据库", "连接数据库\连接数据库.csproj", "{A1A9F909-08A4-4219-8408-E757326BDA91}"
EndProject
Project("{9A19103F-16F7-4668-BE54-9A1E7A4F7556}") = "线程加锁", "线程加锁\线程加锁.csproj", "{1779C57E-5E06-4FDC-95E6-D7512C1453A4}"
EndProject
Project("{9A19103F-16F7-4668-BE54-9A1E7A4F7556}") = "线程池", "线程池\线程池.csproj", "{891C0A8E-1705-41B7-99FF-6FD06B23EF73}"
EndProject
Project("{9A19103F-16F7-4668-BE54-9A1E7A4F7556}") = "7Z", "7Z\7Z.csproj", "{4CD14A0F-1EDB-4626-85D4-E22A554B41FA}"
EndProject
Project("{9A19103F-16F7-4668-BE54-9A1E7A4F7556}") = "自定义特性", "自定义特性\自定义特性.csproj", "{B40BCDF6-07D1-44AD-8D90-700DE5E1B2E4}"
EndProject
Project("{9A19103F-16F7-4668-BE54-9A1E7A4F7556}") = "Aria封装", "Aria封装\Aria封装.csproj", "{937A990F-2555-47B0-99E3-D90A8408D3CA}"
EndProject
Project("{9A19103F-16F7-4668-BE54-9A1E7A4F7556}") = "多线程Lock", "多线程测试\多线程Lock.csproj", "{94B377B5-9175-4420-A61D-49A79FFCCC59}"
EndProject
Project("{9A19103F-16F7-4668-BE54-9A1E7A4F7556}") = "多线程await和async", "多线程await和async\多线程await和async.csproj", "{CBA799EF-0BCD-4631-8E75-30FD154DE2C4}"
EndProject
Project("{9A19103F-16F7-4668-BE54-9A1E7A4F7556}") = "virtual方法", "virtual方法\virtual方法.csproj", "{F1806C4F-4569-446C-977A-80B2EFE10C53}"
EndProject
Project("{9A19103F-16F7-4668-BE54-9A1E7A4F7556}") = "枚举", "枚举\枚举.csproj", "{416163D2-398D-4D1F-83F6-8E3B049ABE23}"
EndProject
Project("{9A19103F-16F7-4668-BE54-9A1E7A4F7556}") = "泛型", "泛型\泛型.csproj", "{B321ABB9-2C51-4942-B5A6-A3729A4D4287}"
EndProject
Project("{9A19103F-16F7-4668-BE54-9A1E7A4F7556}") = "委托", "委托\委托.csproj", "{5F655DF1-8F7F-4192-8EDE-1F1B7ABFF70A}"
EndProject
Project("{9A19103F-16F7-4668-BE54-9A1E7A4F7556}") = "事件", "事件\事件.csproj", "{EA12E9AE-2AF8-41D4-B00D-7879FEB1D7F4}"
EndProject
Project("{9A19103F-16F7-4668-BE54-9A1E7A4F7556}") = "lambda表达式", "lambda表达式\lambda表达式.csproj", "{4A55EEDA-8A5E-4BA7-8774-E41AD7877E6D}"
EndProject
Project("{9A19103F-16F7-4668-BE54-9A1E7A4F7556}") = "解析未知Key值Json", "解析未知Key值Json\解析未知Key值Json.csproj", "{D767B101-1C21-48BB-89A3-58E3964BC320}"
EndProject
Project("{9A19103F-16F7-4668-BE54-9A1E7A4F7556}") = "CallerInfoAttribute", "CallerInfoAttribute\CallerInfoAttribute.csproj", "{08ABB212-B2CB-4958-8B23-D2117F7202CB}"
EndProject
Project("{9A19103F-16F7-4668-BE54-9A1E7A4F7556}") = "接口", "接口\接口.csproj", "{5D7317BC-BD21-407A-9773-0597B8E22CA1}"
EndProject
Project("{9A19103F-16F7-4668-BE54-9A1E7A4F7556}") = "指针和不安全代码", "指针和不安全代码\指针和不安全代码.csproj", "{F8EE0111-E276-47FC-8963-292F026D502A}"
EndProject
Project("{9A19103F-16F7-4668-BE54-9A1E7A4F7556}") = "线程信号", "线程信号\线程信号.csproj", "{25A25BC3-5FBB-422D-A307-A1D2B8CA943E}"
EndProject
Project("{9A19103F-16F7-4668-BE54-9A1E7A4F7556}") = "task", "task\task.csproj", "{2F245DCB-912C-4A73-B6F4-C8ACA7B120BE}"
EndProject
Project("{9A19103F-16F7-4668-BE54-9A1E7A4F7556}") = "类通过接口依赖", "类通过接口依赖\类通过接口依赖.csproj", "{BD61B5A8-498C-48AA-8354-462A6946D736}"
EndProject
Project("{FAE04EC0-301F-11D3-BF4B-00C04F79EFBC}") = "redis", "redis\redis.csproj", "{A4B46E8C-B52F-4AE2-A896-53CCA79BCBE7}"
EndProject
Global
	GlobalSection(SolutionConfigurationPlatforms) = preSolution
		Debug|Any CPU = Debug|Any CPU
		Debug|x64 = Debug|x64
		Debug|x86 = Debug|x86
		Release|Any CPU = Release|Any CPU
		Release|x64 = Release|x64
		Release|x86 = Release|x86
	EndGlobalSection
	GlobalSection(ProjectConfigurationPlatforms) = postSolution
		{B74DA25C-1147-4098-9987-5996BA69CA8A}.Debug|Any CPU.ActiveCfg = Debug|Any CPU
		{B74DA25C-1147-4098-9987-5996BA69CA8A}.Debug|Any CPU.Build.0 = Debug|Any CPU
		{B74DA25C-1147-4098-9987-5996BA69CA8A}.Debug|x64.ActiveCfg = Debug|Any CPU
		{B74DA25C-1147-4098-9987-5996BA69CA8A}.Debug|x64.Build.0 = Debug|Any CPU
		{B74DA25C-1147-4098-9987-5996BA69CA8A}.Debug|x86.ActiveCfg = Debug|Any CPU
		{B74DA25C-1147-4098-9987-5996BA69CA8A}.Debug|x86.Build.0 = Debug|Any CPU
		{B74DA25C-1147-4098-9987-5996BA69CA8A}.Release|Any CPU.ActiveCfg = Release|Any CPU
		{B74DA25C-1147-4098-9987-5996BA69CA8A}.Release|Any CPU.Build.0 = Release|Any CPU
		{B74DA25C-1147-4098-9987-5996BA69CA8A}.Release|x64.ActiveCfg = Release|Any CPU
		{B74DA25C-1147-4098-9987-5996BA69CA8A}.Release|x64.Build.0 = Release|Any CPU
		{B74DA25C-1147-4098-9987-5996BA69CA8A}.Release|x86.ActiveCfg = Release|Any CPU
		{B74DA25C-1147-4098-9987-5996BA69CA8A}.Release|x86.Build.0 = Release|Any CPU
		{19141CC1-DD07-4296-9A5F-286E7C83BC4A}.Debug|Any CPU.ActiveCfg = Debug|Any CPU
		{19141CC1-DD07-4296-9A5F-286E7C83BC4A}.Debug|Any CPU.Build.0 = Debug|Any CPU
		{19141CC1-DD07-4296-9A5F-286E7C83BC4A}.Debug|x64.ActiveCfg = Debug|Any CPU
		{19141CC1-DD07-4296-9A5F-286E7C83BC4A}.Debug|x64.Build.0 = Debug|Any CPU
		{19141CC1-DD07-4296-9A5F-286E7C83BC4A}.Debug|x86.ActiveCfg = Debug|Any CPU
		{19141CC1-DD07-4296-9A5F-286E7C83BC4A}.Debug|x86.Build.0 = Debug|Any CPU
		{19141CC1-DD07-4296-9A5F-286E7C83BC4A}.Release|Any CPU.ActiveCfg = Release|Any CPU
		{19141CC1-DD07-4296-9A5F-286E7C83BC4A}.Release|Any CPU.Build.0 = Release|Any CPU
		{19141CC1-DD07-4296-9A5F-286E7C83BC4A}.Release|x64.ActiveCfg = Release|Any CPU
		{19141CC1-DD07-4296-9A5F-286E7C83BC4A}.Release|x64.Build.0 = Release|Any CPU
		{19141CC1-DD07-4296-9A5F-286E7C83BC4A}.Release|x86.ActiveCfg = Release|Any CPU
		{19141CC1-DD07-4296-9A5F-286E7C83BC4A}.Release|x86.Build.0 = Release|Any CPU
		{BD7FA9C8-B2A6-42F2-9D9E-C85F6E158A2A}.Debug|Any CPU.ActiveCfg = Debug|Any CPU
		{BD7FA9C8-B2A6-42F2-9D9E-C85F6E158A2A}.Debug|Any CPU.Build.0 = Debug|Any CPU
		{BD7FA9C8-B2A6-42F2-9D9E-C85F6E158A2A}.Debug|x64.ActiveCfg = Debug|Any CPU
		{BD7FA9C8-B2A6-42F2-9D9E-C85F6E158A2A}.Debug|x64.Build.0 = Debug|Any CPU
		{BD7FA9C8-B2A6-42F2-9D9E-C85F6E158A2A}.Debug|x86.ActiveCfg = Debug|Any CPU
		{BD7FA9C8-B2A6-42F2-9D9E-C85F6E158A2A}.Debug|x86.Build.0 = Debug|Any CPU
		{BD7FA9C8-B2A6-42F2-9D9E-C85F6E158A2A}.Release|Any CPU.ActiveCfg = Release|Any CPU
		{BD7FA9C8-B2A6-42F2-9D9E-C85F6E158A2A}.Release|Any CPU.Build.0 = Release|Any CPU
		{BD7FA9C8-B2A6-42F2-9D9E-C85F6E158A2A}.Release|x64.ActiveCfg = Release|Any CPU
		{BD7FA9C8-B2A6-42F2-9D9E-C85F6E158A2A}.Release|x64.Build.0 = Release|Any CPU
		{BD7FA9C8-B2A6-42F2-9D9E-C85F6E158A2A}.Release|x86.ActiveCfg = Release|Any CPU
		{BD7FA9C8-B2A6-42F2-9D9E-C85F6E158A2A}.Release|x86.Build.0 = Release|Any CPU
		{9F616B27-D5A5-414D-B417-DD440BC3CAC3}.Debug|Any CPU.ActiveCfg = Debug|Any CPU
		{9F616B27-D5A5-414D-B417-DD440BC3CAC3}.Debug|Any CPU.Build.0 = Debug|Any CPU
		{9F616B27-D5A5-414D-B417-DD440BC3CAC3}.Debug|x64.ActiveCfg = Debug|Any CPU
		{9F616B27-D5A5-414D-B417-DD440BC3CAC3}.Debug|x64.Build.0 = Debug|Any CPU
		{9F616B27-D5A5-414D-B417-DD440BC3CAC3}.Debug|x86.ActiveCfg = Debug|Any CPU
		{9F616B27-D5A5-414D-B417-DD440BC3CAC3}.Debug|x86.Build.0 = Debug|Any CPU
		{9F616B27-D5A5-414D-B417-DD440BC3CAC3}.Release|Any CPU.ActiveCfg = Release|Any CPU
		{9F616B27-D5A5-414D-B417-DD440BC3CAC3}.Release|Any CPU.Build.0 = Release|Any CPU
		{9F616B27-D5A5-414D-B417-DD440BC3CAC3}.Release|x64.ActiveCfg = Release|Any CPU
		{9F616B27-D5A5-414D-B417-DD440BC3CAC3}.Release|x64.Build.0 = Release|Any CPU
		{9F616B27-D5A5-414D-B417-DD440BC3CAC3}.Release|x86.ActiveCfg = Release|Any CPU
		{9F616B27-D5A5-414D-B417-DD440BC3CAC3}.Release|x86.Build.0 = Release|Any CPU
		{EC512091-9806-41F9-B397-E844676ABED9}.Debug|Any CPU.ActiveCfg = Debug|Any CPU
		{EC512091-9806-41F9-B397-E844676ABED9}.Debug|Any CPU.Build.0 = Debug|Any CPU
		{EC512091-9806-41F9-B397-E844676ABED9}.Debug|x64.ActiveCfg = Debug|Any CPU
		{EC512091-9806-41F9-B397-E844676ABED9}.Debug|x64.Build.0 = Debug|Any CPU
		{EC512091-9806-41F9-B397-E844676ABED9}.Debug|x86.ActiveCfg = Debug|Any CPU
		{EC512091-9806-41F9-B397-E844676ABED9}.Debug|x86.Build.0 = Debug|Any CPU
		{EC512091-9806-41F9-B397-E844676ABED9}.Release|Any CPU.ActiveCfg = Release|Any CPU
		{EC512091-9806-41F9-B397-E844676ABED9}.Release|Any CPU.Build.0 = Release|Any CPU
		{EC512091-9806-41F9-B397-E844676ABED9}.Release|x64.ActiveCfg = Release|Any CPU
		{EC512091-9806-41F9-B397-E844676ABED9}.Release|x64.Build.0 = Release|Any CPU
		{EC512091-9806-41F9-B397-E844676ABED9}.Release|x86.ActiveCfg = Release|Any CPU
		{EC512091-9806-41F9-B397-E844676ABED9}.Release|x86.Build.0 = Release|Any CPU
		{C16BD7A8-33DD-434A-81E7-133F5486060D}.Debug|Any CPU.ActiveCfg = Debug|Any CPU
		{C16BD7A8-33DD-434A-81E7-133F5486060D}.Debug|Any CPU.Build.0 = Debug|Any CPU
		{C16BD7A8-33DD-434A-81E7-133F5486060D}.Debug|x64.ActiveCfg = Debug|Any CPU
		{C16BD7A8-33DD-434A-81E7-133F5486060D}.Debug|x64.Build.0 = Debug|Any CPU
		{C16BD7A8-33DD-434A-81E7-133F5486060D}.Debug|x86.ActiveCfg = Debug|Any CPU
		{C16BD7A8-33DD-434A-81E7-133F5486060D}.Debug|x86.Build.0 = Debug|Any CPU
		{C16BD7A8-33DD-434A-81E7-133F5486060D}.Release|Any CPU.ActiveCfg = Release|Any CPU
		{C16BD7A8-33DD-434A-81E7-133F5486060D}.Release|Any CPU.Build.0 = Release|Any CPU
		{C16BD7A8-33DD-434A-81E7-133F5486060D}.Release|x64.ActiveCfg = Release|Any CPU
		{C16BD7A8-33DD-434A-81E7-133F5486060D}.Release|x64.Build.0 = Release|Any CPU
		{C16BD7A8-33DD-434A-81E7-133F5486060D}.Release|x86.ActiveCfg = Release|Any CPU
		{C16BD7A8-33DD-434A-81E7-133F5486060D}.Release|x86.Build.0 = Release|Any CPU
		{16B37A5F-0147-4CED-A2F0-53152485D31A}.Debug|Any CPU.ActiveCfg = Debug|Any CPU
		{16B37A5F-0147-4CED-A2F0-53152485D31A}.Debug|Any CPU.Build.0 = Debug|Any CPU
		{16B37A5F-0147-4CED-A2F0-53152485D31A}.Debug|x64.ActiveCfg = Debug|Any CPU
		{16B37A5F-0147-4CED-A2F0-53152485D31A}.Debug|x64.Build.0 = Debug|Any CPU
		{16B37A5F-0147-4CED-A2F0-53152485D31A}.Debug|x86.ActiveCfg = Debug|Any CPU
		{16B37A5F-0147-4CED-A2F0-53152485D31A}.Debug|x86.Build.0 = Debug|Any CPU
		{16B37A5F-0147-4CED-A2F0-53152485D31A}.Release|Any CPU.ActiveCfg = Release|Any CPU
		{16B37A5F-0147-4CED-A2F0-53152485D31A}.Release|Any CPU.Build.0 = Release|Any CPU
		{16B37A5F-0147-4CED-A2F0-53152485D31A}.Release|x64.ActiveCfg = Release|Any CPU
		{16B37A5F-0147-4CED-A2F0-53152485D31A}.Release|x64.Build.0 = Release|Any CPU
		{16B37A5F-0147-4CED-A2F0-53152485D31A}.Release|x86.ActiveCfg = Release|Any CPU
		{16B37A5F-0147-4CED-A2F0-53152485D31A}.Release|x86.Build.0 = Release|Any CPU
		{C966972B-2278-4142-94E4-3C22373C287E}.Debug|Any CPU.ActiveCfg = Debug|Any CPU
		{C966972B-2278-4142-94E4-3C22373C287E}.Debug|Any CPU.Build.0 = Debug|Any CPU
		{C966972B-2278-4142-94E4-3C22373C287E}.Debug|x64.ActiveCfg = Debug|Any CPU
		{C966972B-2278-4142-94E4-3C22373C287E}.Debug|x64.Build.0 = Debug|Any CPU
		{C966972B-2278-4142-94E4-3C22373C287E}.Debug|x86.ActiveCfg = Debug|Any CPU
		{C966972B-2278-4142-94E4-3C22373C287E}.Debug|x86.Build.0 = Debug|Any CPU
		{C966972B-2278-4142-94E4-3C22373C287E}.Release|Any CPU.ActiveCfg = Release|Any CPU
		{C966972B-2278-4142-94E4-3C22373C287E}.Release|Any CPU.Build.0 = Release|Any CPU
		{C966972B-2278-4142-94E4-3C22373C287E}.Release|x64.ActiveCfg = Release|Any CPU
		{C966972B-2278-4142-94E4-3C22373C287E}.Release|x64.Build.0 = Release|Any CPU
		{C966972B-2278-4142-94E4-3C22373C287E}.Release|x86.ActiveCfg = Release|Any CPU
		{C966972B-2278-4142-94E4-3C22373C287E}.Release|x86.Build.0 = Release|Any CPU
		{9B54FE39-28C6-4746-A8CD-CDE3E8A8CA7D}.Debug|Any CPU.ActiveCfg = Debug|Any CPU
		{9B54FE39-28C6-4746-A8CD-CDE3E8A8CA7D}.Debug|Any CPU.Build.0 = Debug|Any CPU
		{9B54FE39-28C6-4746-A8CD-CDE3E8A8CA7D}.Debug|x64.ActiveCfg = Debug|Any CPU
		{9B54FE39-28C6-4746-A8CD-CDE3E8A8CA7D}.Debug|x64.Build.0 = Debug|Any CPU
		{9B54FE39-28C6-4746-A8CD-CDE3E8A8CA7D}.Debug|x86.ActiveCfg = Debug|Any CPU
		{9B54FE39-28C6-4746-A8CD-CDE3E8A8CA7D}.Debug|x86.Build.0 = Debug|Any CPU
		{9B54FE39-28C6-4746-A8CD-CDE3E8A8CA7D}.Release|Any CPU.ActiveCfg = Release|Any CPU
		{9B54FE39-28C6-4746-A8CD-CDE3E8A8CA7D}.Release|Any CPU.Build.0 = Release|Any CPU
		{9B54FE39-28C6-4746-A8CD-CDE3E8A8CA7D}.Release|x64.ActiveCfg = Release|Any CPU
		{9B54FE39-28C6-4746-A8CD-CDE3E8A8CA7D}.Release|x64.Build.0 = Release|Any CPU
		{9B54FE39-28C6-4746-A8CD-CDE3E8A8CA7D}.Release|x86.ActiveCfg = Release|Any CPU
		{9B54FE39-28C6-4746-A8CD-CDE3E8A8CA7D}.Release|x86.Build.0 = Release|Any CPU
		{D9BB5544-6071-455B-99CF-5F708CD8DB55}.Debug|Any CPU.ActiveCfg = Debug|Any CPU
		{D9BB5544-6071-455B-99CF-5F708CD8DB55}.Debug|Any CPU.Build.0 = Debug|Any CPU
		{D9BB5544-6071-455B-99CF-5F708CD8DB55}.Debug|x64.ActiveCfg = Debug|Any CPU
		{D9BB5544-6071-455B-99CF-5F708CD8DB55}.Debug|x64.Build.0 = Debug|Any CPU
		{D9BB5544-6071-455B-99CF-5F708CD8DB55}.Debug|x86.ActiveCfg = Debug|Any CPU
		{D9BB5544-6071-455B-99CF-5F708CD8DB55}.Debug|x86.Build.0 = Debug|Any CPU
		{D9BB5544-6071-455B-99CF-5F708CD8DB55}.Release|Any CPU.ActiveCfg = Release|Any CPU
		{D9BB5544-6071-455B-99CF-5F708CD8DB55}.Release|Any CPU.Build.0 = Release|Any CPU
		{D9BB5544-6071-455B-99CF-5F708CD8DB55}.Release|x64.ActiveCfg = Release|Any CPU
		{D9BB5544-6071-455B-99CF-5F708CD8DB55}.Release|x64.Build.0 = Release|Any CPU
		{D9BB5544-6071-455B-99CF-5F708CD8DB55}.Release|x86.ActiveCfg = Release|Any CPU
		{D9BB5544-6071-455B-99CF-5F708CD8DB55}.Release|x86.Build.0 = Release|Any CPU
		{FB115D98-3F88-4C08-B11F-8E488EDE7E1F}.Debug|Any CPU.ActiveCfg = Debug|Any CPU
		{FB115D98-3F88-4C08-B11F-8E488EDE7E1F}.Debug|Any CPU.Build.0 = Debug|Any CPU
		{FB115D98-3F88-4C08-B11F-8E488EDE7E1F}.Debug|x64.ActiveCfg = Debug|Any CPU
		{FB115D98-3F88-4C08-B11F-8E488EDE7E1F}.Debug|x64.Build.0 = Debug|Any CPU
		{FB115D98-3F88-4C08-B11F-8E488EDE7E1F}.Debug|x86.ActiveCfg = Debug|Any CPU
		{FB115D98-3F88-4C08-B11F-8E488EDE7E1F}.Debug|x86.Build.0 = Debug|Any CPU
		{FB115D98-3F88-4C08-B11F-8E488EDE7E1F}.Release|Any CPU.ActiveCfg = Release|Any CPU
		{FB115D98-3F88-4C08-B11F-8E488EDE7E1F}.Release|Any CPU.Build.0 = Release|Any CPU
		{FB115D98-3F88-4C08-B11F-8E488EDE7E1F}.Release|x64.ActiveCfg = Release|Any CPU
		{FB115D98-3F88-4C08-B11F-8E488EDE7E1F}.Release|x64.Build.0 = Release|Any CPU
		{FB115D98-3F88-4C08-B11F-8E488EDE7E1F}.Release|x86.ActiveCfg = Release|Any CPU
		{FB115D98-3F88-4C08-B11F-8E488EDE7E1F}.Release|x86.Build.0 = Release|Any CPU
		{09081AFA-C847-4DD7-905C-1E6870D7A9A5}.Debug|Any CPU.ActiveCfg = Debug|Any CPU
		{09081AFA-C847-4DD7-905C-1E6870D7A9A5}.Debug|Any CPU.Build.0 = Debug|Any CPU
		{09081AFA-C847-4DD7-905C-1E6870D7A9A5}.Debug|x64.ActiveCfg = Debug|Any CPU
		{09081AFA-C847-4DD7-905C-1E6870D7A9A5}.Debug|x64.Build.0 = Debug|Any CPU
		{09081AFA-C847-4DD7-905C-1E6870D7A9A5}.Debug|x86.ActiveCfg = Debug|Any CPU
		{09081AFA-C847-4DD7-905C-1E6870D7A9A5}.Debug|x86.Build.0 = Debug|Any CPU
		{09081AFA-C847-4DD7-905C-1E6870D7A9A5}.Release|Any CPU.ActiveCfg = Release|Any CPU
		{09081AFA-C847-4DD7-905C-1E6870D7A9A5}.Release|Any CPU.Build.0 = Release|Any CPU
		{09081AFA-C847-4DD7-905C-1E6870D7A9A5}.Release|x64.ActiveCfg = Release|Any CPU
		{09081AFA-C847-4DD7-905C-1E6870D7A9A5}.Release|x64.Build.0 = Release|Any CPU
		{09081AFA-C847-4DD7-905C-1E6870D7A9A5}.Release|x86.ActiveCfg = Release|Any CPU
		{09081AFA-C847-4DD7-905C-1E6870D7A9A5}.Release|x86.Build.0 = Release|Any CPU
		{6EAC5496-2366-49E8-A30C-91EABC655079}.Debug|Any CPU.ActiveCfg = Debug|Any CPU
		{6EAC5496-2366-49E8-A30C-91EABC655079}.Debug|Any CPU.Build.0 = Debug|Any CPU
		{6EAC5496-2366-49E8-A30C-91EABC655079}.Debug|x64.ActiveCfg = Debug|x64
		{6EAC5496-2366-49E8-A30C-91EABC655079}.Debug|x64.Build.0 = Debug|x64
		{6EAC5496-2366-49E8-A30C-91EABC655079}.Debug|x86.ActiveCfg = Debug|x86
		{6EAC5496-2366-49E8-A30C-91EABC655079}.Debug|x86.Build.0 = Debug|x86
		{6EAC5496-2366-49E8-A30C-91EABC655079}.Release|Any CPU.ActiveCfg = Release|Any CPU
		{6EAC5496-2366-49E8-A30C-91EABC655079}.Release|Any CPU.Build.0 = Release|Any CPU
		{6EAC5496-2366-49E8-A30C-91EABC655079}.Release|x64.ActiveCfg = Release|x64
		{6EAC5496-2366-49E8-A30C-91EABC655079}.Release|x64.Build.0 = Release|x64
		{6EAC5496-2366-49E8-A30C-91EABC655079}.Release|x86.ActiveCfg = Release|x86
		{6EAC5496-2366-49E8-A30C-91EABC655079}.Release|x86.Build.0 = Release|x86
		{16EFEA11-FFA6-45CF-9FAE-85C327035585}.Debug|Any CPU.ActiveCfg = Debug|Any CPU
		{16EFEA11-FFA6-45CF-9FAE-85C327035585}.Debug|Any CPU.Build.0 = Debug|Any CPU
		{16EFEA11-FFA6-45CF-9FAE-85C327035585}.Debug|x64.ActiveCfg = Debug|Any CPU
		{16EFEA11-FFA6-45CF-9FAE-85C327035585}.Debug|x64.Build.0 = Debug|Any CPU
		{16EFEA11-FFA6-45CF-9FAE-85C327035585}.Debug|x86.ActiveCfg = Debug|Any CPU
		{16EFEA11-FFA6-45CF-9FAE-85C327035585}.Debug|x86.Build.0 = Debug|Any CPU
		{16EFEA11-FFA6-45CF-9FAE-85C327035585}.Release|Any CPU.ActiveCfg = Release|Any CPU
		{16EFEA11-FFA6-45CF-9FAE-85C327035585}.Release|Any CPU.Build.0 = Release|Any CPU
		{16EFEA11-FFA6-45CF-9FAE-85C327035585}.Release|x64.ActiveCfg = Release|Any CPU
		{16EFEA11-FFA6-45CF-9FAE-85C327035585}.Release|x64.Build.0 = Release|Any CPU
		{16EFEA11-FFA6-45CF-9FAE-85C327035585}.Release|x86.ActiveCfg = Release|Any CPU
		{16EFEA11-FFA6-45CF-9FAE-85C327035585}.Release|x86.Build.0 = Release|Any CPU
		{A1A9F909-08A4-4219-8408-E757326BDA91}.Debug|Any CPU.ActiveCfg = Debug|Any CPU
		{A1A9F909-08A4-4219-8408-E757326BDA91}.Debug|Any CPU.Build.0 = Debug|Any CPU
		{A1A9F909-08A4-4219-8408-E757326BDA91}.Debug|x64.ActiveCfg = Debug|Any CPU
		{A1A9F909-08A4-4219-8408-E757326BDA91}.Debug|x64.Build.0 = Debug|Any CPU
		{A1A9F909-08A4-4219-8408-E757326BDA91}.Debug|x86.ActiveCfg = Debug|Any CPU
		{A1A9F909-08A4-4219-8408-E757326BDA91}.Debug|x86.Build.0 = Debug|Any CPU
		{A1A9F909-08A4-4219-8408-E757326BDA91}.Release|Any CPU.ActiveCfg = Release|Any CPU
		{A1A9F909-08A4-4219-8408-E757326BDA91}.Release|Any CPU.Build.0 = Release|Any CPU
		{A1A9F909-08A4-4219-8408-E757326BDA91}.Release|x64.ActiveCfg = Release|Any CPU
		{A1A9F909-08A4-4219-8408-E757326BDA91}.Release|x64.Build.0 = Release|Any CPU
		{A1A9F909-08A4-4219-8408-E757326BDA91}.Release|x86.ActiveCfg = Release|Any CPU
		{A1A9F909-08A4-4219-8408-E757326BDA91}.Release|x86.Build.0 = Release|Any CPU
		{1779C57E-5E06-4FDC-95E6-D7512C1453A4}.Debug|Any CPU.ActiveCfg = Debug|Any CPU
		{1779C57E-5E06-4FDC-95E6-D7512C1453A4}.Debug|Any CPU.Build.0 = Debug|Any CPU
		{1779C57E-5E06-4FDC-95E6-D7512C1453A4}.Debug|x64.ActiveCfg = Debug|Any CPU
		{1779C57E-5E06-4FDC-95E6-D7512C1453A4}.Debug|x64.Build.0 = Debug|Any CPU
		{1779C57E-5E06-4FDC-95E6-D7512C1453A4}.Debug|x86.ActiveCfg = Debug|Any CPU
		{1779C57E-5E06-4FDC-95E6-D7512C1453A4}.Debug|x86.Build.0 = Debug|Any CPU
		{1779C57E-5E06-4FDC-95E6-D7512C1453A4}.Release|Any CPU.ActiveCfg = Release|Any CPU
		{1779C57E-5E06-4FDC-95E6-D7512C1453A4}.Release|Any CPU.Build.0 = Release|Any CPU
		{1779C57E-5E06-4FDC-95E6-D7512C1453A4}.Release|x64.ActiveCfg = Release|Any CPU
		{1779C57E-5E06-4FDC-95E6-D7512C1453A4}.Release|x64.Build.0 = Release|Any CPU
		{1779C57E-5E06-4FDC-95E6-D7512C1453A4}.Release|x86.ActiveCfg = Release|Any CPU
		{1779C57E-5E06-4FDC-95E6-D7512C1453A4}.Release|x86.Build.0 = Release|Any CPU
		{891C0A8E-1705-41B7-99FF-6FD06B23EF73}.Debug|Any CPU.ActiveCfg = Debug|Any CPU
		{891C0A8E-1705-41B7-99FF-6FD06B23EF73}.Debug|Any CPU.Build.0 = Debug|Any CPU
		{891C0A8E-1705-41B7-99FF-6FD06B23EF73}.Debug|x64.ActiveCfg = Debug|Any CPU
		{891C0A8E-1705-41B7-99FF-6FD06B23EF73}.Debug|x64.Build.0 = Debug|Any CPU
		{891C0A8E-1705-41B7-99FF-6FD06B23EF73}.Debug|x86.ActiveCfg = Debug|Any CPU
		{891C0A8E-1705-41B7-99FF-6FD06B23EF73}.Debug|x86.Build.0 = Debug|Any CPU
		{891C0A8E-1705-41B7-99FF-6FD06B23EF73}.Release|Any CPU.ActiveCfg = Release|Any CPU
		{891C0A8E-1705-41B7-99FF-6FD06B23EF73}.Release|Any CPU.Build.0 = Release|Any CPU
		{891C0A8E-1705-41B7-99FF-6FD06B23EF73}.Release|x64.ActiveCfg = Release|Any CPU
		{891C0A8E-1705-41B7-99FF-6FD06B23EF73}.Release|x64.Build.0 = Release|Any CPU
		{891C0A8E-1705-41B7-99FF-6FD06B23EF73}.Release|x86.ActiveCfg = Release|Any CPU
		{891C0A8E-1705-41B7-99FF-6FD06B23EF73}.Release|x86.Build.0 = Release|Any CPU
		{4CD14A0F-1EDB-4626-85D4-E22A554B41FA}.Debug|Any CPU.ActiveCfg = Debug|Any CPU
		{4CD14A0F-1EDB-4626-85D4-E22A554B41FA}.Debug|Any CPU.Build.0 = Debug|Any CPU
		{4CD14A0F-1EDB-4626-85D4-E22A554B41FA}.Debug|x64.ActiveCfg = Debug|Any CPU
		{4CD14A0F-1EDB-4626-85D4-E22A554B41FA}.Debug|x64.Build.0 = Debug|Any CPU
		{4CD14A0F-1EDB-4626-85D4-E22A554B41FA}.Debug|x86.ActiveCfg = Debug|Any CPU
		{4CD14A0F-1EDB-4626-85D4-E22A554B41FA}.Debug|x86.Build.0 = Debug|Any CPU
		{4CD14A0F-1EDB-4626-85D4-E22A554B41FA}.Release|Any CPU.ActiveCfg = Release|Any CPU
		{4CD14A0F-1EDB-4626-85D4-E22A554B41FA}.Release|Any CPU.Build.0 = Release|Any CPU
		{4CD14A0F-1EDB-4626-85D4-E22A554B41FA}.Release|x64.ActiveCfg = Release|Any CPU
		{4CD14A0F-1EDB-4626-85D4-E22A554B41FA}.Release|x64.Build.0 = Release|Any CPU
		{4CD14A0F-1EDB-4626-85D4-E22A554B41FA}.Release|x86.ActiveCfg = Release|Any CPU
		{4CD14A0F-1EDB-4626-85D4-E22A554B41FA}.Release|x86.Build.0 = Release|Any CPU
		{B40BCDF6-07D1-44AD-8D90-700DE5E1B2E4}.Debug|Any CPU.ActiveCfg = Debug|Any CPU
		{B40BCDF6-07D1-44AD-8D90-700DE5E1B2E4}.Debug|Any CPU.Build.0 = Debug|Any CPU
		{B40BCDF6-07D1-44AD-8D90-700DE5E1B2E4}.Debug|x64.ActiveCfg = Debug|Any CPU
		{B40BCDF6-07D1-44AD-8D90-700DE5E1B2E4}.Debug|x64.Build.0 = Debug|Any CPU
		{B40BCDF6-07D1-44AD-8D90-700DE5E1B2E4}.Debug|x86.ActiveCfg = Debug|Any CPU
		{B40BCDF6-07D1-44AD-8D90-700DE5E1B2E4}.Debug|x86.Build.0 = Debug|Any CPU
		{B40BCDF6-07D1-44AD-8D90-700DE5E1B2E4}.Release|Any CPU.ActiveCfg = Release|Any CPU
		{B40BCDF6-07D1-44AD-8D90-700DE5E1B2E4}.Release|Any CPU.Build.0 = Release|Any CPU
		{B40BCDF6-07D1-44AD-8D90-700DE5E1B2E4}.Release|x64.ActiveCfg = Release|Any CPU
		{B40BCDF6-07D1-44AD-8D90-700DE5E1B2E4}.Release|x64.Build.0 = Release|Any CPU
		{B40BCDF6-07D1-44AD-8D90-700DE5E1B2E4}.Release|x86.ActiveCfg = Release|Any CPU
		{B40BCDF6-07D1-44AD-8D90-700DE5E1B2E4}.Release|x86.Build.0 = Release|Any CPU
		{937A990F-2555-47B0-99E3-D90A8408D3CA}.Debug|Any CPU.ActiveCfg = Debug|Any CPU
		{937A990F-2555-47B0-99E3-D90A8408D3CA}.Debug|Any CPU.Build.0 = Debug|Any CPU
		{937A990F-2555-47B0-99E3-D90A8408D3CA}.Debug|x64.ActiveCfg = Debug|Any CPU
		{937A990F-2555-47B0-99E3-D90A8408D3CA}.Debug|x64.Build.0 = Debug|Any CPU
		{937A990F-2555-47B0-99E3-D90A8408D3CA}.Debug|x86.ActiveCfg = Debug|Any CPU
		{937A990F-2555-47B0-99E3-D90A8408D3CA}.Debug|x86.Build.0 = Debug|Any CPU
		{937A990F-2555-47B0-99E3-D90A8408D3CA}.Release|Any CPU.ActiveCfg = Release|Any CPU
		{937A990F-2555-47B0-99E3-D90A8408D3CA}.Release|Any CPU.Build.0 = Release|Any CPU
		{937A990F-2555-47B0-99E3-D90A8408D3CA}.Release|x64.ActiveCfg = Release|Any CPU
		{937A990F-2555-47B0-99E3-D90A8408D3CA}.Release|x64.Build.0 = Release|Any CPU
		{937A990F-2555-47B0-99E3-D90A8408D3CA}.Release|x86.ActiveCfg = Release|Any CPU
		{937A990F-2555-47B0-99E3-D90A8408D3CA}.Release|x86.Build.0 = Release|Any CPU
		{94B377B5-9175-4420-A61D-49A79FFCCC59}.Debug|Any CPU.ActiveCfg = Debug|Any CPU
		{94B377B5-9175-4420-A61D-49A79FFCCC59}.Debug|Any CPU.Build.0 = Debug|Any CPU
		{94B377B5-9175-4420-A61D-49A79FFCCC59}.Debug|x64.ActiveCfg = Debug|Any CPU
		{94B377B5-9175-4420-A61D-49A79FFCCC59}.Debug|x64.Build.0 = Debug|Any CPU
		{94B377B5-9175-4420-A61D-49A79FFCCC59}.Debug|x86.ActiveCfg = Debug|Any CPU
		{94B377B5-9175-4420-A61D-49A79FFCCC59}.Debug|x86.Build.0 = Debug|Any CPU
		{94B377B5-9175-4420-A61D-49A79FFCCC59}.Release|Any CPU.ActiveCfg = Release|Any CPU
		{94B377B5-9175-4420-A61D-49A79FFCCC59}.Release|Any CPU.Build.0 = Release|Any CPU
		{94B377B5-9175-4420-A61D-49A79FFCCC59}.Release|x64.ActiveCfg = Release|Any CPU
		{94B377B5-9175-4420-A61D-49A79FFCCC59}.Release|x64.Build.0 = Release|Any CPU
		{94B377B5-9175-4420-A61D-49A79FFCCC59}.Release|x86.ActiveCfg = Release|Any CPU
		{94B377B5-9175-4420-A61D-49A79FFCCC59}.Release|x86.Build.0 = Release|Any CPU
		{CBA799EF-0BCD-4631-8E75-30FD154DE2C4}.Debug|Any CPU.ActiveCfg = Debug|Any CPU
		{CBA799EF-0BCD-4631-8E75-30FD154DE2C4}.Debug|Any CPU.Build.0 = Debug|Any CPU
		{CBA799EF-0BCD-4631-8E75-30FD154DE2C4}.Debug|x64.ActiveCfg = Debug|Any CPU
		{CBA799EF-0BCD-4631-8E75-30FD154DE2C4}.Debug|x64.Build.0 = Debug|Any CPU
		{CBA799EF-0BCD-4631-8E75-30FD154DE2C4}.Debug|x86.ActiveCfg = Debug|Any CPU
		{CBA799EF-0BCD-4631-8E75-30FD154DE2C4}.Debug|x86.Build.0 = Debug|Any CPU
		{CBA799EF-0BCD-4631-8E75-30FD154DE2C4}.Release|Any CPU.ActiveCfg = Release|Any CPU
		{CBA799EF-0BCD-4631-8E75-30FD154DE2C4}.Release|Any CPU.Build.0 = Release|Any CPU
		{CBA799EF-0BCD-4631-8E75-30FD154DE2C4}.Release|x64.ActiveCfg = Release|Any CPU
		{CBA799EF-0BCD-4631-8E75-30FD154DE2C4}.Release|x64.Build.0 = Release|Any CPU
		{CBA799EF-0BCD-4631-8E75-30FD154DE2C4}.Release|x86.ActiveCfg = Release|Any CPU
		{CBA799EF-0BCD-4631-8E75-30FD154DE2C4}.Release|x86.Build.0 = Release|Any CPU
		{F1806C4F-4569-446C-977A-80B2EFE10C53}.Debug|Any CPU.ActiveCfg = Debug|Any CPU
		{F1806C4F-4569-446C-977A-80B2EFE10C53}.Debug|Any CPU.Build.0 = Debug|Any CPU
		{F1806C4F-4569-446C-977A-80B2EFE10C53}.Debug|x64.ActiveCfg = Debug|Any CPU
		{F1806C4F-4569-446C-977A-80B2EFE10C53}.Debug|x64.Build.0 = Debug|Any CPU
		{F1806C4F-4569-446C-977A-80B2EFE10C53}.Debug|x86.ActiveCfg = Debug|Any CPU
		{F1806C4F-4569-446C-977A-80B2EFE10C53}.Debug|x86.Build.0 = Debug|Any CPU
		{F1806C4F-4569-446C-977A-80B2EFE10C53}.Release|Any CPU.ActiveCfg = Release|Any CPU
		{F1806C4F-4569-446C-977A-80B2EFE10C53}.Release|Any CPU.Build.0 = Release|Any CPU
		{F1806C4F-4569-446C-977A-80B2EFE10C53}.Release|x64.ActiveCfg = Release|Any CPU
		{F1806C4F-4569-446C-977A-80B2EFE10C53}.Release|x64.Build.0 = Release|Any CPU
		{F1806C4F-4569-446C-977A-80B2EFE10C53}.Release|x86.ActiveCfg = Release|Any CPU
		{F1806C4F-4569-446C-977A-80B2EFE10C53}.Release|x86.Build.0 = Release|Any CPU
		{416163D2-398D-4D1F-83F6-8E3B049ABE23}.Debug|Any CPU.ActiveCfg = Debug|Any CPU
		{416163D2-398D-4D1F-83F6-8E3B049ABE23}.Debug|Any CPU.Build.0 = Debug|Any CPU
		{416163D2-398D-4D1F-83F6-8E3B049ABE23}.Debug|x64.ActiveCfg = Debug|Any CPU
		{416163D2-398D-4D1F-83F6-8E3B049ABE23}.Debug|x64.Build.0 = Debug|Any CPU
		{416163D2-398D-4D1F-83F6-8E3B049ABE23}.Debug|x86.ActiveCfg = Debug|Any CPU
		{416163D2-398D-4D1F-83F6-8E3B049ABE23}.Debug|x86.Build.0 = Debug|Any CPU
		{416163D2-398D-4D1F-83F6-8E3B049ABE23}.Release|Any CPU.ActiveCfg = Release|Any CPU
		{416163D2-398D-4D1F-83F6-8E3B049ABE23}.Release|Any CPU.Build.0 = Release|Any CPU
		{416163D2-398D-4D1F-83F6-8E3B049ABE23}.Release|x64.ActiveCfg = Release|Any CPU
		{416163D2-398D-4D1F-83F6-8E3B049ABE23}.Release|x64.Build.0 = Release|Any CPU
		{416163D2-398D-4D1F-83F6-8E3B049ABE23}.Release|x86.ActiveCfg = Release|Any CPU
		{416163D2-398D-4D1F-83F6-8E3B049ABE23}.Release|x86.Build.0 = Release|Any CPU
		{B321ABB9-2C51-4942-B5A6-A3729A4D4287}.Debug|Any CPU.ActiveCfg = Debug|Any CPU
		{B321ABB9-2C51-4942-B5A6-A3729A4D4287}.Debug|Any CPU.Build.0 = Debug|Any CPU
		{B321ABB9-2C51-4942-B5A6-A3729A4D4287}.Debug|x64.ActiveCfg = Debug|Any CPU
		{B321ABB9-2C51-4942-B5A6-A3729A4D4287}.Debug|x64.Build.0 = Debug|Any CPU
		{B321ABB9-2C51-4942-B5A6-A3729A4D4287}.Debug|x86.ActiveCfg = Debug|Any CPU
		{B321ABB9-2C51-4942-B5A6-A3729A4D4287}.Debug|x86.Build.0 = Debug|Any CPU
		{B321ABB9-2C51-4942-B5A6-A3729A4D4287}.Release|Any CPU.ActiveCfg = Release|Any CPU
		{B321ABB9-2C51-4942-B5A6-A3729A4D4287}.Release|Any CPU.Build.0 = Release|Any CPU
		{B321ABB9-2C51-4942-B5A6-A3729A4D4287}.Release|x64.ActiveCfg = Release|Any CPU
		{B321ABB9-2C51-4942-B5A6-A3729A4D4287}.Release|x64.Build.0 = Release|Any CPU
		{B321ABB9-2C51-4942-B5A6-A3729A4D4287}.Release|x86.ActiveCfg = Release|Any CPU
		{B321ABB9-2C51-4942-B5A6-A3729A4D4287}.Release|x86.Build.0 = Release|Any CPU
		{5F655DF1-8F7F-4192-8EDE-1F1B7ABFF70A}.Debug|Any CPU.ActiveCfg = Debug|Any CPU
		{5F655DF1-8F7F-4192-8EDE-1F1B7ABFF70A}.Debug|Any CPU.Build.0 = Debug|Any CPU
		{5F655DF1-8F7F-4192-8EDE-1F1B7ABFF70A}.Debug|x64.ActiveCfg = Debug|Any CPU
		{5F655DF1-8F7F-4192-8EDE-1F1B7ABFF70A}.Debug|x64.Build.0 = Debug|Any CPU
		{5F655DF1-8F7F-4192-8EDE-1F1B7ABFF70A}.Debug|x86.ActiveCfg = Debug|Any CPU
		{5F655DF1-8F7F-4192-8EDE-1F1B7ABFF70A}.Debug|x86.Build.0 = Debug|Any CPU
		{5F655DF1-8F7F-4192-8EDE-1F1B7ABFF70A}.Release|Any CPU.ActiveCfg = Release|Any CPU
		{5F655DF1-8F7F-4192-8EDE-1F1B7ABFF70A}.Release|Any CPU.Build.0 = Release|Any CPU
		{5F655DF1-8F7F-4192-8EDE-1F1B7ABFF70A}.Release|x64.ActiveCfg = Release|Any CPU
		{5F655DF1-8F7F-4192-8EDE-1F1B7ABFF70A}.Release|x64.Build.0 = Release|Any CPU
		{5F655DF1-8F7F-4192-8EDE-1F1B7ABFF70A}.Release|x86.ActiveCfg = Release|Any CPU
		{5F655DF1-8F7F-4192-8EDE-1F1B7ABFF70A}.Release|x86.Build.0 = Release|Any CPU
		{EA12E9AE-2AF8-41D4-B00D-7879FEB1D7F4}.Debug|Any CPU.ActiveCfg = Debug|Any CPU
		{EA12E9AE-2AF8-41D4-B00D-7879FEB1D7F4}.Debug|Any CPU.Build.0 = Debug|Any CPU
		{EA12E9AE-2AF8-41D4-B00D-7879FEB1D7F4}.Debug|x64.ActiveCfg = Debug|Any CPU
		{EA12E9AE-2AF8-41D4-B00D-7879FEB1D7F4}.Debug|x64.Build.0 = Debug|Any CPU
		{EA12E9AE-2AF8-41D4-B00D-7879FEB1D7F4}.Debug|x86.ActiveCfg = Debug|Any CPU
		{EA12E9AE-2AF8-41D4-B00D-7879FEB1D7F4}.Debug|x86.Build.0 = Debug|Any CPU
		{EA12E9AE-2AF8-41D4-B00D-7879FEB1D7F4}.Release|Any CPU.ActiveCfg = Release|Any CPU
		{EA12E9AE-2AF8-41D4-B00D-7879FEB1D7F4}.Release|Any CPU.Build.0 = Release|Any CPU
		{EA12E9AE-2AF8-41D4-B00D-7879FEB1D7F4}.Release|x64.ActiveCfg = Release|Any CPU
		{EA12E9AE-2AF8-41D4-B00D-7879FEB1D7F4}.Release|x64.Build.0 = Release|Any CPU
		{EA12E9AE-2AF8-41D4-B00D-7879FEB1D7F4}.Release|x86.ActiveCfg = Release|Any CPU
		{EA12E9AE-2AF8-41D4-B00D-7879FEB1D7F4}.Release|x86.Build.0 = Release|Any CPU
		{4A55EEDA-8A5E-4BA7-8774-E41AD7877E6D}.Debug|Any CPU.ActiveCfg = Debug|Any CPU
		{4A55EEDA-8A5E-4BA7-8774-E41AD7877E6D}.Debug|Any CPU.Build.0 = Debug|Any CPU
		{4A55EEDA-8A5E-4BA7-8774-E41AD7877E6D}.Debug|x64.ActiveCfg = Debug|Any CPU
		{4A55EEDA-8A5E-4BA7-8774-E41AD7877E6D}.Debug|x64.Build.0 = Debug|Any CPU
		{4A55EEDA-8A5E-4BA7-8774-E41AD7877E6D}.Debug|x86.ActiveCfg = Debug|Any CPU
		{4A55EEDA-8A5E-4BA7-8774-E41AD7877E6D}.Debug|x86.Build.0 = Debug|Any CPU
		{4A55EEDA-8A5E-4BA7-8774-E41AD7877E6D}.Release|Any CPU.ActiveCfg = Release|Any CPU
		{4A55EEDA-8A5E-4BA7-8774-E41AD7877E6D}.Release|Any CPU.Build.0 = Release|Any CPU
		{4A55EEDA-8A5E-4BA7-8774-E41AD7877E6D}.Release|x64.ActiveCfg = Release|Any CPU
		{4A55EEDA-8A5E-4BA7-8774-E41AD7877E6D}.Release|x64.Build.0 = Release|Any CPU
		{4A55EEDA-8A5E-4BA7-8774-E41AD7877E6D}.Release|x86.ActiveCfg = Release|Any CPU
		{4A55EEDA-8A5E-4BA7-8774-E41AD7877E6D}.Release|x86.Build.0 = Release|Any CPU
		{D767B101-1C21-48BB-89A3-58E3964BC320}.Debug|Any CPU.ActiveCfg = Debug|Any CPU
		{D767B101-1C21-48BB-89A3-58E3964BC320}.Debug|Any CPU.Build.0 = Debug|Any CPU
		{D767B101-1C21-48BB-89A3-58E3964BC320}.Debug|x64.ActiveCfg = Debug|Any CPU
		{D767B101-1C21-48BB-89A3-58E3964BC320}.Debug|x64.Build.0 = Debug|Any CPU
		{D767B101-1C21-48BB-89A3-58E3964BC320}.Debug|x86.ActiveCfg = Debug|Any CPU
		{D767B101-1C21-48BB-89A3-58E3964BC320}.Debug|x86.Build.0 = Debug|Any CPU
		{D767B101-1C21-48BB-89A3-58E3964BC320}.Release|Any CPU.ActiveCfg = Release|Any CPU
		{D767B101-1C21-48BB-89A3-58E3964BC320}.Release|Any CPU.Build.0 = Release|Any CPU
		{D767B101-1C21-48BB-89A3-58E3964BC320}.Release|x64.ActiveCfg = Release|Any CPU
		{D767B101-1C21-48BB-89A3-58E3964BC320}.Release|x64.Build.0 = Release|Any CPU
		{D767B101-1C21-48BB-89A3-58E3964BC320}.Release|x86.ActiveCfg = Release|Any CPU
		{D767B101-1C21-48BB-89A3-58E3964BC320}.Release|x86.Build.0 = Release|Any CPU
		{08ABB212-B2CB-4958-8B23-D2117F7202CB}.Debug|Any CPU.ActiveCfg = Debug|Any CPU
		{08ABB212-B2CB-4958-8B23-D2117F7202CB}.Debug|Any CPU.Build.0 = Debug|Any CPU
		{08ABB212-B2CB-4958-8B23-D2117F7202CB}.Debug|x64.ActiveCfg = Debug|Any CPU
		{08ABB212-B2CB-4958-8B23-D2117F7202CB}.Debug|x64.Build.0 = Debug|Any CPU
		{08ABB212-B2CB-4958-8B23-D2117F7202CB}.Debug|x86.ActiveCfg = Debug|Any CPU
		{08ABB212-B2CB-4958-8B23-D2117F7202CB}.Debug|x86.Build.0 = Debug|Any CPU
		{08ABB212-B2CB-4958-8B23-D2117F7202CB}.Release|Any CPU.ActiveCfg = Release|Any CPU
		{08ABB212-B2CB-4958-8B23-D2117F7202CB}.Release|Any CPU.Build.0 = Release|Any CPU
		{08ABB212-B2CB-4958-8B23-D2117F7202CB}.Release|x64.ActiveCfg = Release|Any CPU
		{08ABB212-B2CB-4958-8B23-D2117F7202CB}.Release|x64.Build.0 = Release|Any CPU
		{08ABB212-B2CB-4958-8B23-D2117F7202CB}.Release|x86.ActiveCfg = Release|Any CPU
		{08ABB212-B2CB-4958-8B23-D2117F7202CB}.Release|x86.Build.0 = Release|Any CPU
		{5D7317BC-BD21-407A-9773-0597B8E22CA1}.Debug|Any CPU.ActiveCfg = Debug|Any CPU
		{5D7317BC-BD21-407A-9773-0597B8E22CA1}.Debug|Any CPU.Build.0 = Debug|Any CPU
		{5D7317BC-BD21-407A-9773-0597B8E22CA1}.Debug|x64.ActiveCfg = Debug|Any CPU
		{5D7317BC-BD21-407A-9773-0597B8E22CA1}.Debug|x64.Build.0 = Debug|Any CPU
		{5D7317BC-BD21-407A-9773-0597B8E22CA1}.Debug|x86.ActiveCfg = Debug|Any CPU
		{5D7317BC-BD21-407A-9773-0597B8E22CA1}.Debug|x86.Build.0 = Debug|Any CPU
		{5D7317BC-BD21-407A-9773-0597B8E22CA1}.Release|Any CPU.ActiveCfg = Release|Any CPU
		{5D7317BC-BD21-407A-9773-0597B8E22CA1}.Release|Any CPU.Build.0 = Release|Any CPU
		{5D7317BC-BD21-407A-9773-0597B8E22CA1}.Release|x64.ActiveCfg = Release|Any CPU
		{5D7317BC-BD21-407A-9773-0597B8E22CA1}.Release|x64.Build.0 = Release|Any CPU
		{5D7317BC-BD21-407A-9773-0597B8E22CA1}.Release|x86.ActiveCfg = Release|Any CPU
		{5D7317BC-BD21-407A-9773-0597B8E22CA1}.Release|x86.Build.0 = Release|Any CPU
		{F8EE0111-E276-47FC-8963-292F026D502A}.Debug|Any CPU.ActiveCfg = Debug|Any CPU
		{F8EE0111-E276-47FC-8963-292F026D502A}.Debug|Any CPU.Build.0 = Debug|Any CPU
		{F8EE0111-E276-47FC-8963-292F026D502A}.Debug|x64.ActiveCfg = Debug|Any CPU
		{F8EE0111-E276-47FC-8963-292F026D502A}.Debug|x64.Build.0 = Debug|Any CPU
		{F8EE0111-E276-47FC-8963-292F026D502A}.Debug|x86.ActiveCfg = Debug|Any CPU
		{F8EE0111-E276-47FC-8963-292F026D502A}.Debug|x86.Build.0 = Debug|Any CPU
		{F8EE0111-E276-47FC-8963-292F026D502A}.Release|Any CPU.ActiveCfg = Release|Any CPU
		{F8EE0111-E276-47FC-8963-292F026D502A}.Release|Any CPU.Build.0 = Release|Any CPU
		{F8EE0111-E276-47FC-8963-292F026D502A}.Release|x64.ActiveCfg = Release|Any CPU
		{F8EE0111-E276-47FC-8963-292F026D502A}.Release|x64.Build.0 = Release|Any CPU
		{F8EE0111-E276-47FC-8963-292F026D502A}.Release|x86.ActiveCfg = Release|Any CPU
		{F8EE0111-E276-47FC-8963-292F026D502A}.Release|x86.Build.0 = Release|Any CPU
		{25A25BC3-5FBB-422D-A307-A1D2B8CA943E}.Debug|Any CPU.ActiveCfg = Debug|Any CPU
		{25A25BC3-5FBB-422D-A307-A1D2B8CA943E}.Debug|Any CPU.Build.0 = Debug|Any CPU
		{25A25BC3-5FBB-422D-A307-A1D2B8CA943E}.Debug|x64.ActiveCfg = Debug|Any CPU
		{25A25BC3-5FBB-422D-A307-A1D2B8CA943E}.Debug|x64.Build.0 = Debug|Any CPU
		{25A25BC3-5FBB-422D-A307-A1D2B8CA943E}.Debug|x86.ActiveCfg = Debug|Any CPU
		{25A25BC3-5FBB-422D-A307-A1D2B8CA943E}.Debug|x86.Build.0 = Debug|Any CPU
		{25A25BC3-5FBB-422D-A307-A1D2B8CA943E}.Release|Any CPU.ActiveCfg = Release|Any CPU
		{25A25BC3-5FBB-422D-A307-A1D2B8CA943E}.Release|Any CPU.Build.0 = Release|Any CPU
		{25A25BC3-5FBB-422D-A307-A1D2B8CA943E}.Release|x64.ActiveCfg = Release|Any CPU
		{25A25BC3-5FBB-422D-A307-A1D2B8CA943E}.Release|x64.Build.0 = Release|Any CPU
		{25A25BC3-5FBB-422D-A307-A1D2B8CA943E}.Release|x86.ActiveCfg = Release|Any CPU
		{25A25BC3-5FBB-422D-A307-A1D2B8CA943E}.Release|x86.Build.0 = Release|Any CPU
		{2F245DCB-912C-4A73-B6F4-C8ACA7B120BE}.Debug|Any CPU.ActiveCfg = Debug|Any CPU
		{2F245DCB-912C-4A73-B6F4-C8ACA7B120BE}.Debug|Any CPU.Build.0 = Debug|Any CPU
		{2F245DCB-912C-4A73-B6F4-C8ACA7B120BE}.Debug|x64.ActiveCfg = Debug|Any CPU
		{2F245DCB-912C-4A73-B6F4-C8ACA7B120BE}.Debug|x64.Build.0 = Debug|Any CPU
		{2F245DCB-912C-4A73-B6F4-C8ACA7B120BE}.Debug|x86.ActiveCfg = Debug|Any CPU
		{2F245DCB-912C-4A73-B6F4-C8ACA7B120BE}.Debug|x86.Build.0 = Debug|Any CPU
		{2F245DCB-912C-4A73-B6F4-C8ACA7B120BE}.Release|Any CPU.ActiveCfg = Release|Any CPU
		{2F245DCB-912C-4A73-B6F4-C8ACA7B120BE}.Release|Any CPU.Build.0 = Release|Any CPU
		{2F245DCB-912C-4A73-B6F4-C8ACA7B120BE}.Release|x64.ActiveCfg = Release|Any CPU
		{2F245DCB-912C-4A73-B6F4-C8ACA7B120BE}.Release|x64.Build.0 = Release|Any CPU
		{2F245DCB-912C-4A73-B6F4-C8ACA7B120BE}.Release|x86.ActiveCfg = Release|Any CPU
		{2F245DCB-912C-4A73-B6F4-C8ACA7B120BE}.Release|x86.Build.0 = Release|Any CPU
		{BD61B5A8-498C-48AA-8354-462A6946D736}.Debug|Any CPU.ActiveCfg = Debug|Any CPU
		{BD61B5A8-498C-48AA-8354-462A6946D736}.Debug|Any CPU.Build.0 = Debug|Any CPU
		{BD61B5A8-498C-48AA-8354-462A6946D736}.Debug|x64.ActiveCfg = Debug|Any CPU
		{BD61B5A8-498C-48AA-8354-462A6946D736}.Debug|x64.Build.0 = Debug|Any CPU
		{BD61B5A8-498C-48AA-8354-462A6946D736}.Debug|x86.ActiveCfg = Debug|Any CPU
		{BD61B5A8-498C-48AA-8354-462A6946D736}.Debug|x86.Build.0 = Debug|Any CPU
		{BD61B5A8-498C-48AA-8354-462A6946D736}.Release|Any CPU.ActiveCfg = Release|Any CPU
		{BD61B5A8-498C-48AA-8354-462A6946D736}.Release|Any CPU.Build.0 = Release|Any CPU
		{BD61B5A8-498C-48AA-8354-462A6946D736}.Release|x64.ActiveCfg = Release|Any CPU
		{BD61B5A8-498C-48AA-8354-462A6946D736}.Release|x64.Build.0 = Release|Any CPU
		{BD61B5A8-498C-48AA-8354-462A6946D736}.Release|x86.ActiveCfg = Release|Any CPU
		{BD61B5A8-498C-48AA-8354-462A6946D736}.Release|x86.Build.0 = Release|Any CPU
		{A4B46E8C-B52F-4AE2-A896-53CCA79BCBE7}.Debug|Any CPU.ActiveCfg = Debug|Any CPU
		{A4B46E8C-B52F-4AE2-A896-53CCA79BCBE7}.Debug|Any CPU.Build.0 = Debug|Any CPU
		{A4B46E8C-B52F-4AE2-A896-53CCA79BCBE7}.Debug|x64.ActiveCfg = Debug|Any CPU
		{A4B46E8C-B52F-4AE2-A896-53CCA79BCBE7}.Debug|x64.Build.0 = Debug|Any CPU
		{A4B46E8C-B52F-4AE2-A896-53CCA79BCBE7}.Debug|x86.ActiveCfg = Debug|Any CPU
		{A4B46E8C-B52F-4AE2-A896-53CCA79BCBE7}.Debug|x86.Build.0 = Debug|Any CPU
		{A4B46E8C-B52F-4AE2-A896-53CCA79BCBE7}.Release|Any CPU.ActiveCfg = Release|Any CPU
		{A4B46E8C-B52F-4AE2-A896-53CCA79BCBE7}.Release|Any CPU.Build.0 = Release|Any CPU
		{A4B46E8C-B52F-4AE2-A896-53CCA79BCBE7}.Release|x64.ActiveCfg = Release|Any CPU
		{A4B46E8C-B52F-4AE2-A896-53CCA79BCBE7}.Release|x64.Build.0 = Release|Any CPU
		{A4B46E8C-B52F-4AE2-A896-53CCA79BCBE7}.Release|x86.ActiveCfg = Release|Any CPU
		{A4B46E8C-B52F-4AE2-A896-53CCA79BCBE7}.Release|x86.Build.0 = Release|Any CPU
	EndGlobalSection
	GlobalSection(SolutionProperties) = preSolution
		HideSolutionNode = FALSE
	EndGlobalSection
	GlobalSection(ExtensibilityGlobals) = postSolution
		SolutionGuid = {91D11E37-7AE4-4AA2-9DC2-560139CC8E22}
	EndGlobalSection
EndGlobal
